# THIS IS AN AUTOGENERATED FILE. DO NOT EDIT THIS FILE DIRECTLY.
# yarn lockfile v1


big-integer@^1.6.26:
  version "1.6.26"
  resolved "https://registry.yarnpkg.com/big-integer/-/big-integer-1.6.26.tgz#3af1672fa62daf2d5ecafacf6e5aa0d25e02c1c8"

decimal.js@^9.0.1:
  version "9.0.1"
  resolved "https://registry.yarnpkg.com/decimal.js/-/decimal.js-9.0.1.tgz#1cc8b228177da7ab6498c1cc06eb130a290e6e1e"
